bootstrap_version: "1.0.0"
generated_at: "2026-07-08T23:48:29Z"
hash_algorithm: "sha256"
document_hashes:
  "engines/foundry/bootstrap/00_README.md": "a58545604dbf26f28893ac46d2272bdef0c9a35b23be156602351459b5121cb4"
  "engines/foundry/bootstrap/01_EISENGARTEN.md": "94e854cb910bbbc2c92174cdd1ccf0830c2657936fa0dabefd2ca98253a0a6f1"
  "engines/foundry/bootstrap/02_CONSTITUTION.md": "5616ad8c3fcf42468f9d376a406121fda133d82ef06b444623df4ef077c4c8ac"
  "engines/foundry/bootstrap/03_AMENDMENTS.md": "72f802c45d63b5d80f8adb9ccb2ddc396e75a595f9f707cb2573e3de4f4914e2"
  "engines/foundry/bootstrap/04_VOCABULARY.md": "c16c4201d2165f191e68f164852a500563b83b073ebc7bae8812cbf25bb970f7"
  "engines/foundry/bootstrap/05_ARCHITECTURE.md": "654f5a3e9ffdaf3e6cc4acb6af261c765fbc9bd575d48b91f8fbc99d21560b1f"
  "engines/foundry/bootstrap/06_ROADMAP.md": "1481a238c243e0a216a705c36a603aaa33f185a4c4cb3c72bec9c063339ee04d"
  "engines/foundry/bootstrap/07_ENGINEERING.md": "f96b11d7bc04f85bd0b01909a7b2dd704ba7108a5639a5c7700fffb53ec7fe76"
  "engines/foundry/bootstrap/08_PROMPT_STANDARD.md": "a29723679324aea2489d3f50786fecb45376f1127ad6c8af8eecee2a58059441"
  "engines/foundry/bootstrap/09_FOUNDATION_COMPLETE.md": "aed237b489a43e7e6901cfbc9af7dbfcdc96987394c2af06b7257ca3947770c1"
artifact_hashes:
  "engines/foundry/bootstrap/artifacts/README.md": "00978f14cc9d8818fb4e3b8fece2d4107cd571e0af3f3e657142be96a3a2aa1b"
  "engines/foundry/docs/p0-constitutional-bootstrap/constitutional-model.md": "ae1ea62237301d3ebb869d7f775001332f581d84a6cbc31f440d67f6e6d90c67"
  "engines/foundry/docs/p0-constitutional-bootstrap/concept-inventory.md": "b4247192d08a61fdcf58c9179615ab76ccf10fca8057ad5f397657b21453674b"
  "engines/foundry/docs/p0-constitutional-bootstrap/layer-model.md": "7df168452fd185f04a94761f1b15be1c9699fbb55f039b81f377f5b17ba777e6"
  "engines/foundry/docs/p0-constitutional-bootstrap/dependency-model.md": "fe0c8d6874fd72661ca01d35a9016358818ef2efcea835d30a16cd777841fdf6"
  "engines/foundry/docs/p0-constitutional-bootstrap/traceability-model.md": "74b1a1df7cb4b2f5fe0654d03c2787813a1473066e74d2d88c60d7ea89706faf"
  "engines/foundry/docs/p0-constitutional-bootstrap/confidence-report.md": "33d7d21d4e779f7fbcb3d071c8a7c542bc888936251b1a2f7e60d3bc0eadd09c"
  "engines/foundry/docs/p0-constitutional-bootstrap/open-questions.md": "e455cbb21263efba9373e4e2fab0bf13ac38a28583ecf71ed6e17b4943ccae51"
  "engines/foundry/docs/prompt-architecture-standard.md": "4f10767b75b410b65db04728b9201eeff22e37d8b31cf34a6fbaf8adad2076b5"
cache:
  reusable_when:
    - "bootstrap_version matches"
    - "document_hashes match current files"
    - "artifact_hashes match current files"
  invalidation:
    static_change: "rebuild static_bootstrap invalidates set"
    dynamic_change: "rebuild dynamic_bootstrap invalidates set"
    missing_required_document: "fail"
    missing_required_artifact: "fail"
